
Microsoft Visual Studio Solution File, Format Version 12.00
# Visual Studio Version 17
VisualStudioVersion = 17.5.33424.131
MinimumVisualStudioVersion = 10.0.40219.1
Project("{9A19103F-16F7-4668-BE54-9A1E7A4F7556}") = "Worksheet 1", "Worksheet 1.csproj", "{238458A2-2CE0-449D-B98D-D114AEDB63C5}"
EndProject
Project("{FAE04EC0-301F-11D3-BF4B-00C04F79EFBC}") = "Q2", "..\Q2\Q2.csproj", "{4E020FAA-8BA1-4131-A71B-20EFD0DEB9EF}"
EndProject
Project("{FAE04EC0-301F-11D3-BF4B-00C04F79EFBC}") = "Q3", "..\Q3\Q3.csproj", "{A0FB5103-9A62-464D-B791-E145FC88E3B3}"
EndProject
Global
	GlobalSection(SolutionConfigurationPlatforms) = preSolution
		Debug|Any CPU = Debug|Any CPU
		Release|Any CPU = Release|Any CPU
	EndGlobalSection
	GlobalSection(ProjectConfigurationPlatforms) = postSolution
		{238458A2-2CE0-449D-B98D-D114AEDB63C5}.Debug|Any CPU.ActiveCfg = Debug|Any CPU
		{238458A2-2CE0-449D-B98D-D114AEDB63C5}.Debug|Any CPU.Build.0 = Debug|Any CPU
		{238458A2-2CE0-449D-B98D-D114AEDB63C5}.Release|Any CPU.ActiveCfg = Release|Any CPU
		{238458A2-2CE0-449D-B98D-D114AEDB63C5}.Release|Any CPU.Build.0 = Release|Any CPU
		{4E020FAA-8BA1-4131-A71B-20EFD0DEB9EF}.Debug|Any CPU.ActiveCfg = Debug|Any CPU
		{4E020FAA-8BA1-4131-A71B-20EFD0DEB9EF}.Debug|Any CPU.Build.0 = Debug|Any CPU
		{4E020FAA-8BA1-4131-A71B-20EFD0DEB9EF}.Release|Any CPU.ActiveCfg = Release|Any CPU
		{4E020FAA-8BA1-4131-A71B-20EFD0DEB9EF}.Release|Any CPU.Build.0 = Release|Any CPU
		{A0FB5103-9A62-464D-B791-E145FC88E3B3}.Debug|Any CPU.ActiveCfg = Debug|Any CPU
		{A0FB5103-9A62-464D-B791-E145FC88E3B3}.Debug|Any CPU.Build.0 = Debug|Any CPU
		{A0FB5103-9A62-464D-B791-E145FC88E3B3}.Release|Any CPU.ActiveCfg = Release|Any CPU
		{A0FB5103-9A62-464D-B791-E145FC88E3B3}.Release|Any CPU.Build.0 = Release|Any CPU
	EndGlobalSection
	GlobalSection(SolutionProperties) = preSolution
		HideSolutionNode = FALSE
	EndGlobalSection
	GlobalSection(ExtensibilityGlobals) = postSolution
		SolutionGuid = {F69499EA-670D-4460-87C4-B21EDF245C64}
	EndGlobalSection
EndGlobal
